
Microsoft Visual Studio Solution File, Format Version 12.00
# Visual Studio 14
VisualStudioVersion = 14.0.23107.0
MinimumVisualStudioVersion = 10.0.40219.1
Project("{FAE04EC0-301F-11D3-BF4B-00C04F79EFBC}") = "ejercicio1.4", "ejercicio1.4\ejercicio1.4.csproj", "{AD9A85F8-2EB6-4742-BEB4-C7F98F727635}"
EndProject
Global
	GlobalSection(SolutionConfigurationPlatforms) = preSolution
		Debug|Any CPU = Debug|Any CPU
		Release|Any CPU = Release|Any CPU
	EndGlobalSection
	GlobalSection(ProjectConfigurationPlatforms) = postSolution
		{AD9A85F8-2EB6-4742-BEB4-C7F98F727635}.Debug|Any CPU.ActiveCfg = Debug|Any CPU
		{AD9A85F8-2EB6-4742-BEB4-C7F98F727635}.Debug|Any CPU.Build.0 = Debug|Any CPU
		{AD9A85F8-2EB6-4742-BEB4-C7F98F727635}.Release|Any CPU.ActiveCfg = Release|Any CPU
		{AD9A85F8-2EB6-4742-BEB4-C7F98F727635}.Release|Any CPU.Build.0 = Release|Any CPU
	EndGlobalSection
	GlobalSection(SolutionProperties) = preSolution
		HideSolutionNode = FALSE
	EndGlobalSection
EndGlobal
