
Microsoft Visual Studio Solution File, Format Version 12.00
# Visual Studio 14
VisualStudioVersion = 14.0.23107.0
MinimumVisualStudioVersion = 10.0.40219.1
Project("{FAE04EC0-301F-11D3-BF4B-00C04F79EFBC}") = "PRSP_01.2Ejemplo", "PRSP_01.2Ejemplo\PRSP_01.2Ejemplo.csproj", "{BBDCE675-999B-4F0B-B092-2C503575206D}"
EndProject
Project("{FAE04EC0-301F-11D3-BF4B-00C04F79EFBC}") = "PRSP_1Hilos_03Ejemplo", "PRSP_1Hilos_03Ejemplo\PRSP_1Hilos_03Ejemplo.csproj", "{362F429C-0F88-4144-B4C7-903512CBA031}"
EndProject
Global
	GlobalSection(SolutionConfigurationPlatforms) = preSolution
		Debug|Any CPU = Debug|Any CPU
		Release|Any CPU = Release|Any CPU
	EndGlobalSection
	GlobalSection(ProjectConfigurationPlatforms) = postSolution
		{BBDCE675-999B-4F0B-B092-2C503575206D}.Debug|Any CPU.ActiveCfg = Debug|Any CPU
		{BBDCE675-999B-4F0B-B092-2C503575206D}.Debug|Any CPU.Build.0 = Debug|Any CPU
		{BBDCE675-999B-4F0B-B092-2C503575206D}.Release|Any CPU.ActiveCfg = Release|Any CPU
		{BBDCE675-999B-4F0B-B092-2C503575206D}.Release|Any CPU.Build.0 = Release|Any CPU
		{362F429C-0F88-4144-B4C7-903512CBA031}.Debug|Any CPU.ActiveCfg = Debug|Any CPU
		{362F429C-0F88-4144-B4C7-903512CBA031}.Debug|Any CPU.Build.0 = Debug|Any CPU
		{362F429C-0F88-4144-B4C7-903512CBA031}.Release|Any CPU.ActiveCfg = Release|Any CPU
		{362F429C-0F88-4144-B4C7-903512CBA031}.Release|Any CPU.Build.0 = Release|Any CPU
	EndGlobalSection
	GlobalSection(SolutionProperties) = preSolution
		HideSolutionNode = FALSE
	EndGlobalSection
EndGlobal
