
Microsoft Visual Studio Solution File, Format Version 12.00
# Visual Studio 14
VisualStudioVersion = 14.0.23107.0
MinimumVisualStudioVersion = 10.0.40219.1
Project("{FAE04EC0-301F-11D3-BF4B-00C04F79EFBC}") = "Examen1_Quiniela_SantiagoGomez", "Examen1_Apuestas\Examen1_Quiniela_SantiagoGomez.csproj", "{9CAF69D4-A0DA-4840-A99D-467CC05551B5}"
EndProject
Global
	GlobalSection(SolutionConfigurationPlatforms) = preSolution
		Debug|Any CPU = Debug|Any CPU
		Release|Any CPU = Release|Any CPU
	EndGlobalSection
	GlobalSection(ProjectConfigurationPlatforms) = postSolution
		{9CAF69D4-A0DA-4840-A99D-467CC05551B5}.Debug|Any CPU.ActiveCfg = Debug|Any CPU
		{9CAF69D4-A0DA-4840-A99D-467CC05551B5}.Debug|Any CPU.Build.0 = Debug|Any CPU
		{9CAF69D4-A0DA-4840-A99D-467CC05551B5}.Release|Any CPU.ActiveCfg = Release|Any CPU
		{9CAF69D4-A0DA-4840-A99D-467CC05551B5}.Release|Any CPU.Build.0 = Release|Any CPU
	EndGlobalSection
	GlobalSection(SolutionProperties) = preSolution
		HideSolutionNode = FALSE
	EndGlobalSection
EndGlobal
