
Microsoft Visual Studio Solution File, Format Version 12.00
# Visual Studio 14
VisualStudioVersion = 14.0.23107.0
MinimumVisualStudioVersion = 10.0.40219.1
Project("{FAE04EC0-301F-11D3-BF4B-00C04F79EFBC}") = "ADAT_UD1_2XML_Ej2", "ADAT_UD1_2XML_Ej2\ADAT_UD1_2XML_Ej2.csproj", "{ACD8771B-2DE2-4204-881E-7B93AD9632A3}"
EndProject
Global
	GlobalSection(SolutionConfigurationPlatforms) = preSolution
		Debug|Any CPU = Debug|Any CPU
		Release|Any CPU = Release|Any CPU
	EndGlobalSection
	GlobalSection(ProjectConfigurationPlatforms) = postSolution
		{ACD8771B-2DE2-4204-881E-7B93AD9632A3}.Debug|Any CPU.ActiveCfg = Debug|Any CPU
		{ACD8771B-2DE2-4204-881E-7B93AD9632A3}.Debug|Any CPU.Build.0 = Debug|Any CPU
		{ACD8771B-2DE2-4204-881E-7B93AD9632A3}.Release|Any CPU.ActiveCfg = Release|Any CPU
		{ACD8771B-2DE2-4204-881E-7B93AD9632A3}.Release|Any CPU.Build.0 = Release|Any CPU
	EndGlobalSection
	GlobalSection(SolutionProperties) = preSolution
		HideSolutionNode = FALSE
	EndGlobalSection
EndGlobal
