
Microsoft Visual Studio Solution File, Format Version 12.00
# Visual Studio 14
VisualStudioVersion = 14.0.23107.0
MinimumVisualStudioVersion = 10.0.40219.1
Project("{FAE04EC0-301F-11D3-BF4B-00C04F79EFBC}") = "ADAT_UD1_Ejer3_Test", "ADAT_UD1_Ejer3_Test\ADAT_UD1_Ejer3_Test.csproj", "{A13DA607-9FBC-4D9E-97A9-55EB1B2284BF}"
EndProject
Global
	GlobalSection(SolutionConfigurationPlatforms) = preSolution
		Debug|Any CPU = Debug|Any CPU
		Release|Any CPU = Release|Any CPU
	EndGlobalSection
	GlobalSection(ProjectConfigurationPlatforms) = postSolution
		{A13DA607-9FBC-4D9E-97A9-55EB1B2284BF}.Debug|Any CPU.ActiveCfg = Debug|Any CPU
		{A13DA607-9FBC-4D9E-97A9-55EB1B2284BF}.Debug|Any CPU.Build.0 = Debug|Any CPU
		{A13DA607-9FBC-4D9E-97A9-55EB1B2284BF}.Release|Any CPU.ActiveCfg = Release|Any CPU
		{A13DA607-9FBC-4D9E-97A9-55EB1B2284BF}.Release|Any CPU.Build.0 = Release|Any CPU
	EndGlobalSection
	GlobalSection(SolutionProperties) = preSolution
		HideSolutionNode = FALSE
	EndGlobalSection
EndGlobal
